
Microsoft Visual Studio Solution File, Format Version 12.00
# Visual Studio Version 16
VisualStudioVersion = 16.0.28803.202
MinimumVisualStudioVersion = 10.0.40219.1
Project("{8BC9CEB8-8B4A-11D0-8D11-00A0C91BC942}") = "лабраб10задание5", "лабраб10задание5.vcxproj", "{739396EE-F14B-47CF-BD17-E6187B35EA51}"
EndProject
Global
	GlobalSection(SolutionConfigurationPlatforms) = preSolution
		Debug|x64 = Debug|x64
		Debug|x86 = Debug|x86
		Release|x64 = Release|x64
		Release|x86 = Release|x86
	EndGlobalSection
	GlobalSection(ProjectConfigurationPlatforms) = postSolution
		{739396EE-F14B-47CF-BD17-E6187B35EA51}.Debug|x64.ActiveCfg = Debug|x64
		{739396EE-F14B-47CF-BD17-E6187B35EA51}.Debug|x64.Build.0 = Debug|x64
		{739396EE-F14B-47CF-BD17-E6187B35EA51}.Debug|x86.ActiveCfg = Debug|Win32
		{739396EE-F14B-47CF-BD17-E6187B35EA51}.Debug|x86.Build.0 = Debug|Win32
		{739396EE-F14B-47CF-BD17-E6187B35EA51}.Release|x64.ActiveCfg = Release|x64
		{739396EE-F14B-47CF-BD17-E6187B35EA51}.Release|x64.Build.0 = Release|x64
		{739396EE-F14B-47CF-BD17-E6187B35EA51}.Release|x86.ActiveCfg = Release|Win32
		{739396EE-F14B-47CF-BD17-E6187B35EA51}.Release|x86.Build.0 = Release|Win32
	EndGlobalSection
	GlobalSection(SolutionProperties) = preSolution
		HideSolutionNode = FALSE
	EndGlobalSection
	GlobalSection(ExtensibilityGlobals) = postSolution
		SolutionGuid = {5098F497-58C3-4BFF-A5FC-2DE0AD73DF3A}
	EndGlobalSection
EndGlobal
