
Microsoft Visual Studio Solution File, Format Version 12.00
# Visual Studio Version 16
VisualStudioVersion = 16.0.28803.202
MinimumVisualStudioVersion = 10.0.40219.1
Project("{8BC9CEB8-8B4A-11D0-8D11-00A0C91BC942}") = "лабраб7задание2", "лабраб7задание2.vcxproj", "{E038AA80-8445-47CF-9B59-AB22A7B0CDCC}"
EndProject
Global
	GlobalSection(SolutionConfigurationPlatforms) = preSolution
		Debug|x64 = Debug|x64
		Debug|x86 = Debug|x86
		Release|x64 = Release|x64
		Release|x86 = Release|x86
	EndGlobalSection
	GlobalSection(ProjectConfigurationPlatforms) = postSolution
		{E038AA80-8445-47CF-9B59-AB22A7B0CDCC}.Debug|x64.ActiveCfg = Debug|x64
		{E038AA80-8445-47CF-9B59-AB22A7B0CDCC}.Debug|x64.Build.0 = Debug|x64
		{E038AA80-8445-47CF-9B59-AB22A7B0CDCC}.Debug|x86.ActiveCfg = Debug|Win32
		{E038AA80-8445-47CF-9B59-AB22A7B0CDCC}.Debug|x86.Build.0 = Debug|Win32
		{E038AA80-8445-47CF-9B59-AB22A7B0CDCC}.Release|x64.ActiveCfg = Release|x64
		{E038AA80-8445-47CF-9B59-AB22A7B0CDCC}.Release|x64.Build.0 = Release|x64
		{E038AA80-8445-47CF-9B59-AB22A7B0CDCC}.Release|x86.ActiveCfg = Release|Win32
		{E038AA80-8445-47CF-9B59-AB22A7B0CDCC}.Release|x86.Build.0 = Release|Win32
	EndGlobalSection
	GlobalSection(SolutionProperties) = preSolution
		HideSolutionNode = FALSE
	EndGlobalSection
	GlobalSection(ExtensibilityGlobals) = postSolution
		SolutionGuid = {7974A908-06DA-421C-8662-BC5CD5CC2BA0}
	EndGlobalSection
EndGlobal
